Microsoft Visual Studio Solution File, Format Version 12.00
# Visual Studio Version 17
VisualStudioVersion = 17.5.2.0
MinimumVisualStudioVersion = 10.0.40219.1
Project("{FAE04EC0-301F-11D3-BF4B-00C04F79EFBC}") = "lab-1-5-console-commands-LebbonJ", "lab-1-5-console-commands-LebbonJ.csproj", "{6DCD9D58-1D34-1CAE-5C0C-D6AF2FDF17F3}"
EndProject
Global
	GlobalSection(SolutionConfigurationPlatforms) = preSolution
		Debug|Any CPU = Debug|Any CPU
		Release|Any CPU = Release|Any CPU
	EndGlobalSection
	GlobalSection(ProjectConfigurationPlatforms) = postSolution
		{6DCD9D58-1D34-1CAE-5C0C-D6AF2FDF17F3}.Debug|Any CPU.ActiveCfg = Debug|Any CPU
		{6DCD9D58-1D34-1CAE-5C0C-D6AF2FDF17F3}.Debug|Any CPU.Build.0 = Debug|Any CPU
		{6DCD9D58-1D34-1CAE-5C0C-D6AF2FDF17F3}.Release|Any CPU.ActiveCfg = Release|Any CPU
		{6DCD9D58-1D34-1CAE-5C0C-D6AF2FDF17F3}.Release|Any CPU.Build.0 = Release|Any CPU
	EndGlobalSection
	GlobalSection(SolutionProperties) = preSolution
		HideSolutionNode = FALSE
	EndGlobalSection
	GlobalSection(ExtensibilityGlobals) = postSolution
		SolutionGuid = {A643F1FC-E72F-4815-9132-B199F3510FDF}
	EndGlobalSection
EndGlobal
